
Microsoft Visual Studio Solution File, Format Version 12.00
# Visual Studio 15
VisualStudioVersion = 15.0.28010.2041
MinimumVisualStudioVersion = 10.0.40219.1
Project("{9A19103F-16F7-4668-BE54-9A1E7A4F7556}") = "PortfolioTracker.Origin.DataAccess", "PortfolioTracker.Origin.DataAccess\PortfolioTracker.Origin.DataAccess.csproj", "{2CD78185-676F-4D92-AB62-065A0B17ADCF}"
EndProject
Project("{9A19103F-16F7-4668-BE54-9A1E7A4F7556}") = "PortfolioTracker.Origin.AlphaClient", "PortfolioTracker.Origin.AlphaClient\PortfolioTracker.Origin.AlphaClient.csproj", "{294CCEF7-F44C-4351-AD0D-2897AAD9666C}"
EndProject
Project("{FAE04EC0-301F-11D3-BF4B-00C04F79EFBC}") = "PortfolioTracker.Origin.RebalanceLogic.Tests", "PortfolioTracker.Origin.AlphaClient.Tests\PortfolioTracker.Origin.RebalanceLogic.Tests.csproj", "{EBF49C6D-C696-42E1-9C78-B7A0A9A3FC57}"
EndProject
Project("{2150E333-8FDC-42A3-9474-1A3956D46DE8}") = "PortfolioTracker.Origin.Common", "PortfolioTracker.Origin.Common", "{56E42FB1-3828-468C-9C4B-1D49E7505C2E}"
EndProject
Project("{9A19103F-16F7-4668-BE54-9A1E7A4F7556}") = "PortfolioTracker.Origin.Common.Models", "PortfolioTracker.Origin.Common.Models\PortfolioTracker.Origin.Common.Models.csproj", "{E82488A7-F5D3-404F-8BB9-5E525DB52950}"
EndProject
Project("{9A19103F-16F7-4668-BE54-9A1E7A4F7556}") = "PortfolioTracker.Origin.Api", "PortfolioTracker.Origin.Api\PortfolioTracker.Origin.Api.csproj", "{8AE5D706-A318-44B4-98F5-75BF9D2307BB}"
EndProject
Project("{FAE04EC0-301F-11D3-BF4B-00C04F79EFBC}") = "PortfolioTracker.Origin.DataAccess.Tests", "PortfolioTracker.Origin.DataAccess.Tests\PortfolioTracker.Origin.DataAccess.Tests.csproj", "{9B532D13-E89F-4FD4-AFCD-7D2021BDF8CB}"
EndProject
Project("{9A19103F-16F7-4668-BE54-9A1E7A4F7556}") = "PortfolioTracker.Origin.RebalanceLogic", "PortfolioTracker.Origin.RebalanceLogic\PortfolioTracker.Origin.RebalanceLogic.csproj", "{BFB76738-74DC-41BC-9D1B-1FC344DD7310}"
EndProject
Project("{9A19103F-16F7-4668-BE54-9A1E7A4F7556}") = "PortfolioTracker.Origin.Common.Logic", "PortfolioTracker.Origin.Common.Logic\PortfolioTracker.Origin.Common.Logic.csproj", "{5396744D-0D96-460A-8F11-2E37FB02D873}"
EndProject
Project("{FAE04EC0-301F-11D3-BF4B-00C04F79EFBC}") = "PortfolioTracker.Origin.IEX", "PortfolioTracker.Origin.IEX\PortfolioTracker.Origin.IEX.csproj", "{5D2AC4CB-E410-4CCB-BA0E-691500444A44}"
EndProject
Project("{FAE04EC0-301F-11D3-BF4B-00C04F79EFBC}") = "PortfolioTracker.Origin.IEX.Tests", "PortfolioTracker.Origin.IEX.Tests\PortfolioTracker.Origin.IEX.Tests.csproj", "{E06C9A2E-F7B0-4B0E-A5E9-73E23E3B4F49}"
EndProject
Global
	GlobalSection(SolutionConfigurationPlatforms) = preSolution
		Debug|Any CPU = Debug|Any CPU
		Release|Any CPU = Release|Any CPU
	EndGlobalSection
	GlobalSection(ProjectConfigurationPlatforms) = postSolution
		{2CD78185-676F-4D92-AB62-065A0B17ADCF}.Debug|Any CPU.ActiveCfg = Debug|Any CPU
		{2CD78185-676F-4D92-AB62-065A0B17ADCF}.Debug|Any CPU.Build.0 = Debug|Any CPU
		{2CD78185-676F-4D92-AB62-065A0B17ADCF}.Release|Any CPU.ActiveCfg = Release|Any CPU
		{2CD78185-676F-4D92-AB62-065A0B17ADCF}.Release|Any CPU.Build.0 = Release|Any CPU
		{294CCEF7-F44C-4351-AD0D-2897AAD9666C}.Debug|Any CPU.ActiveCfg = Debug|Any CPU
		{294CCEF7-F44C-4351-AD0D-2897AAD9666C}.Debug|Any CPU.Build.0 = Debug|Any CPU
		{294CCEF7-F44C-4351-AD0D-2897AAD9666C}.Release|Any CPU.ActiveCfg = Release|Any CPU
		{294CCEF7-F44C-4351-AD0D-2897AAD9666C}.Release|Any CPU.Build.0 = Release|Any CPU
		{EBF49C6D-C696-42E1-9C78-B7A0A9A3FC57}.Debug|Any CPU.ActiveCfg = Debug|Any CPU
		{EBF49C6D-C696-42E1-9C78-B7A0A9A3FC57}.Debug|Any CPU.Build.0 = Debug|Any CPU
		{EBF49C6D-C696-42E1-9C78-B7A0A9A3FC57}.Release|Any CPU.ActiveCfg = Release|Any CPU
		{EBF49C6D-C696-42E1-9C78-B7A0A9A3FC57}.Release|Any CPU.Build.0 = Release|Any CPU
		{E82488A7-F5D3-404F-8BB9-5E525DB52950}.Debug|Any CPU.ActiveCfg = Debug|Any CPU
		{E82488A7-F5D3-404F-8BB9-5E525DB52950}.Debug|Any CPU.Build.0 = Debug|Any CPU
		{E82488A7-F5D3-404F-8BB9-5E525DB52950}.Release|Any CPU.ActiveCfg = Release|Any CPU
		{E82488A7-F5D3-404F-8BB9-5E525DB52950}.Release|Any CPU.Build.0 = Release|Any CPU
		{8AE5D706-A318-44B4-98F5-75BF9D2307BB}.Debug|Any CPU.ActiveCfg = Debug|Any CPU
		{8AE5D706-A318-44B4-98F5-75BF9D2307BB}.Debug|Any CPU.Build.0 = Debug|Any CPU
		{8AE5D706-A318-44B4-98F5-75BF9D2307BB}.Release|Any CPU.ActiveCfg = Release|Any CPU
		{8AE5D706-A318-44B4-98F5-75BF9D2307BB}.Release|Any CPU.Build.0 = Release|Any CPU
		{9B532D13-E89F-4FD4-AFCD-7D2021BDF8CB}.Debug|Any CPU.ActiveCfg = Debug|Any CPU
		{9B532D13-E89F-4FD4-AFCD-7D2021BDF8CB}.Debug|Any CPU.Build.0 = Debug|Any CPU
		{9B532D13-E89F-4FD4-AFCD-7D2021BDF8CB}.Release|Any CPU.ActiveCfg = Release|Any CPU
		{9B532D13-E89F-4FD4-AFCD-7D2021BDF8CB}.Release|Any CPU.Build.0 = Release|Any CPU
		{BFB76738-74DC-41BC-9D1B-1FC344DD7310}.Debug|Any CPU.ActiveCfg = Debug|Any CPU
		{BFB76738-74DC-41BC-9D1B-1FC344DD7310}.Debug|Any CPU.Build.0 = Debug|Any CPU
		{BFB76738-74DC-41BC-9D1B-1FC344DD7310}.Release|Any CPU.ActiveCfg = Release|Any CPU
		{BFB76738-74DC-41BC-9D1B-1FC344DD7310}.Release|Any CPU.Build.0 = Release|Any CPU
		{5396744D-0D96-460A-8F11-2E37FB02D873}.Debug|Any CPU.ActiveCfg = Debug|Any CPU
		{5396744D-0D96-460A-8F11-2E37FB02D873}.Debug|Any CPU.Build.0 = Debug|Any CPU
		{5396744D-0D96-460A-8F11-2E37FB02D873}.Release|Any CPU.ActiveCfg = Release|Any CPU
		{5396744D-0D96-460A-8F11-2E37FB02D873}.Release|Any CPU.Build.0 = Release|Any CPU
		{5D2AC4CB-E410-4CCB-BA0E-691500444A44}.Debug|Any CPU.ActiveCfg = Debug|Any CPU
		{5D2AC4CB-E410-4CCB-BA0E-691500444A44}.Debug|Any CPU.Build.0 = Debug|Any CPU
		{5D2AC4CB-E410-4CCB-BA0E-691500444A44}.Release|Any CPU.ActiveCfg = Release|Any CPU
		{5D2AC4CB-E410-4CCB-BA0E-691500444A44}.Release|Any CPU.Build.0 = Release|Any CPU
		{E06C9A2E-F7B0-4B0E-A5E9-73E23E3B4F49}.Debug|Any CPU.ActiveCfg = Debug|Any CPU
		{E06C9A2E-F7B0-4B0E-A5E9-73E23E3B4F49}.Debug|Any CPU.Build.0 = Debug|Any CPU
		{E06C9A2E-F7B0-4B0E-A5E9-73E23E3B4F49}.Release|Any CPU.ActiveCfg = Release|Any CPU
		{E06C9A2E-F7B0-4B0E-A5E9-73E23E3B4F49}.Release|Any CPU.Build.0 = Release|Any CPU
	EndGlobalSection
	GlobalSection(SolutionProperties) = preSolution
		HideSolutionNode = FALSE
	EndGlobalSection
	GlobalSection(NestedProjects) = preSolution
		{E82488A7-F5D3-404F-8BB9-5E525DB52950} = {56E42FB1-3828-468C-9C4B-1D49E7505C2E}
		{5396744D-0D96-460A-8F11-2E37FB02D873} = {56E42FB1-3828-468C-9C4B-1D49E7505C2E}
	EndGlobalSection
	GlobalSection(ExtensibilityGlobals) = postSolution
		SolutionGuid = {EE0D308F-9425-4AD9-906B-F56ABA4210B1}
	EndGlobalSection
EndGlobal
