
Microsoft Visual Studio Solution File, Format Version 12.00
# Visual Studio Version 16
VisualStudioVersion = 16.0.29230.47
MinimumVisualStudioVersion = 10.0.40219.1
Project("{9A19103F-16F7-4668-BE54-9A1E7A4F7556}") = "PortfolioTracker.Origin.DataAccess", "PortfolioTracker.Origin.DataAccess\PortfolioTracker.Origin.DataAccess.csproj", "{2CD78185-676F-4D92-AB62-065A0B17ADCF}"
EndProject
Project("{9A19103F-16F7-4668-BE54-9A1E7A4F7556}") = "PortfolioTracker.Origin.DataAccess.Tests", "PortfolioTracker.Origin.DataAccess.Tests\PortfolioTracker.Origin.DataAccess.Tests.csproj", "{A25C5172-154E-439C-AB00-FC1A19B1E2AB}"
EndProject
Project("{FAE04EC0-301F-11D3-BF4B-00C04F79EFBC}") = "PortfolioTracker.Origin.AlphaClient", "PortfolioTracker.Origin.AlphaClient\PortfolioTracker.Origin.AlphaClient.csproj", "{294CCEF7-F44C-4351-AD0D-2897AAD9666C}"
EndProject
Project("{FAE04EC0-301F-11D3-BF4B-00C04F79EFBC}") = "PortfolioTracker.Origin.Rebalance.Logic", "PortfolioTracker.Origin.Rebalance.Logic\PortfolioTracker.Origin.Rebalance.Logic.csproj", "{EBF49C6D-C696-42E1-9C78-B7A0A9A3FC57}"
EndProject
Global
	GlobalSection(SolutionConfigurationPlatforms) = preSolution
		Debug|Any CPU = Debug|Any CPU
		Release|Any CPU = Release|Any CPU
	EndGlobalSection
	GlobalSection(ProjectConfigurationPlatforms) = postSolution
		{2CD78185-676F-4D92-AB62-065A0B17ADCF}.Debug|Any CPU.ActiveCfg = Debug|Any CPU
		{2CD78185-676F-4D92-AB62-065A0B17ADCF}.Debug|Any CPU.Build.0 = Debug|Any CPU
		{2CD78185-676F-4D92-AB62-065A0B17ADCF}.Release|Any CPU.ActiveCfg = Release|Any CPU
		{2CD78185-676F-4D92-AB62-065A0B17ADCF}.Release|Any CPU.Build.0 = Release|Any CPU
		{A25C5172-154E-439C-AB00-FC1A19B1E2AB}.Debug|Any CPU.ActiveCfg = Debug|Any CPU
		{A25C5172-154E-439C-AB00-FC1A19B1E2AB}.Debug|Any CPU.Build.0 = Debug|Any CPU
		{A25C5172-154E-439C-AB00-FC1A19B1E2AB}.Release|Any CPU.ActiveCfg = Release|Any CPU
		{A25C5172-154E-439C-AB00-FC1A19B1E2AB}.Release|Any CPU.Build.0 = Release|Any CPU
		{294CCEF7-F44C-4351-AD0D-2897AAD9666C}.Debug|Any CPU.ActiveCfg = Debug|Any CPU
		{294CCEF7-F44C-4351-AD0D-2897AAD9666C}.Debug|Any CPU.Build.0 = Debug|Any CPU
		{294CCEF7-F44C-4351-AD0D-2897AAD9666C}.Release|Any CPU.ActiveCfg = Release|Any CPU
		{294CCEF7-F44C-4351-AD0D-2897AAD9666C}.Release|Any CPU.Build.0 = Release|Any CPU
		{EBF49C6D-C696-42E1-9C78-B7A0A9A3FC57}.Debug|Any CPU.ActiveCfg = Debug|Any CPU
		{EBF49C6D-C696-42E1-9C78-B7A0A9A3FC57}.Debug|Any CPU.Build.0 = Debug|Any CPU
		{EBF49C6D-C696-42E1-9C78-B7A0A9A3FC57}.Release|Any CPU.ActiveCfg = Release|Any CPU
		{EBF49C6D-C696-42E1-9C78-B7A0A9A3FC57}.Release|Any CPU.Build.0 = Release|Any CPU
	EndGlobalSection
	GlobalSection(SolutionProperties) = preSolution
		HideSolutionNode = FALSE
	EndGlobalSection
	GlobalSection(ExtensibilityGlobals) = postSolution
		SolutionGuid = {EE0D308F-9425-4AD9-906B-F56ABA4210B1}
	EndGlobalSection
EndGlobal
